
Microsoft Visual Studio Solution File, Format Version 11.00
# Visual Studio 2010
Project("{8BC9CEB8-8B4A-11D0-8D11-00A0C91BC942}") = "ドMやられ放題", "ドMやられ放題\ドMやられ放題.vcxproj", "{3E67658C-4BBB-4D6C-B3B6-1C3684E6E409}"
EndProject
Global
	GlobalSection(SolutionConfigurationPlatforms) = preSolution
		Debug|Win32 = Debug|Win32
		Release|Win32 = Release|Win32
	EndGlobalSection
	GlobalSection(ProjectConfigurationPlatforms) = postSolution
		{3E67658C-4BBB-4D6C-B3B6-1C3684E6E409}.Debug|Win32.ActiveCfg = Debug|Win32
		{3E67658C-4BBB-4D6C-B3B6-1C3684E6E409}.Debug|Win32.Build.0 = Debug|Win32
		{3E67658C-4BBB-4D6C-B3B6-1C3684E6E409}.Release|Win32.ActiveCfg = Release|Win32
		{3E67658C-4BBB-4D6C-B3B6-1C3684E6E409}.Release|Win32.Build.0 = Release|Win32
	EndGlobalSection
	GlobalSection(SolutionProperties) = preSolution
		HideSolutionNode = FALSE
	EndGlobalSection
EndGlobal
